
Microsoft Visual Studio Solution File, Format Version 12.00
# Visual Studio Version 16
VisualStudioVersion = 16.0.30611.23
MinimumVisualStudioVersion = 10.0.40219.1
Project("{FAE04EC0-301F-11D3-BF4B-00C04F79EFBC}") = "CouponWithoutOCP", "CouponWithoutOCP\CouponWithoutOCP.csproj", "{BD5210AA-7707-467A-980F-67B81F005003}"
EndProject
Project("{FAE04EC0-301F-11D3-BF4B-00C04F79EFBC}") = "CouponWithOCP", "CouponWithOCP\CouponWithOCP.csproj", "{8FCEAA8E-D102-42B6-B0A8-BC770B059E4A}"
EndProject
Global
	GlobalSection(SolutionConfigurationPlatforms) = preSolution
		Debug|Any CPU = Debug|Any CPU
		Release|Any CPU = Release|Any CPU
	EndGlobalSection
	GlobalSection(ProjectConfigurationPlatforms) = postSolution
		{BD5210AA-7707-467A-980F-67B81F005003}.Debug|Any CPU.ActiveCfg = Debug|Any CPU
		{BD5210AA-7707-467A-980F-67B81F005003}.Debug|Any CPU.Build.0 = Debug|Any CPU
		{BD5210AA-7707-467A-980F-67B81F005003}.Release|Any CPU.ActiveCfg = Release|Any CPU
		{BD5210AA-7707-467A-980F-67B81F005003}.Release|Any CPU.Build.0 = Release|Any CPU
		{8FCEAA8E-D102-42B6-B0A8-BC770B059E4A}.Debug|Any CPU.ActiveCfg = Debug|Any CPU
		{8FCEAA8E-D102-42B6-B0A8-BC770B059E4A}.Debug|Any CPU.Build.0 = Debug|Any CPU
		{8FCEAA8E-D102-42B6-B0A8-BC770B059E4A}.Release|Any CPU.ActiveCfg = Release|Any CPU
		{8FCEAA8E-D102-42B6-B0A8-BC770B059E4A}.Release|Any CPU.Build.0 = Release|Any CPU
	EndGlobalSection
	GlobalSection(SolutionProperties) = preSolution
		HideSolutionNode = FALSE
	EndGlobalSection
	GlobalSection(ExtensibilityGlobals) = postSolution
		SolutionGuid = {86BF27FB-894C-4A6F-8DEE-07663A33583B}
	EndGlobalSection
EndGlobal
